// !$*UTF8*$!
{
	archiveVersion = 1;
	classes = {
	};
	objectVersion = 56;
	objects = {

/* Begin PBXBuildFile section */
		3D221C3D2C7F1598002EA4CA /* AppDelegate.swift in Sources */ = {isa = PBXBuildFile; fileRef = 3D221C3C2C7F1598002EA4CA /* AppDelegate.swift */; };
		3D221C3F2C7F1598002EA4CA /* SceneDelegate.swift in Sources */ = {isa = PBXBuildFile; fileRef = 3D221C3E2C7F1598002EA4CA /* SceneDelegate.swift */; };
		3D221C412C7F1598002EA4CA /* ViewController.swift in Sources */ = {isa = PBXBuildFile; fileRef = 3D221C402C7F1598002EA4CA /* ViewController.swift */; };
		3D221C442C7F1598002EA4CA /* Main.storyboard in Resources */ = {isa = PBXBuildFile; fileRef = 3D221C422C7F1598002EA4CA /* Main.storyboard */; };
		3D221C492C7F1599002EA4CA /* LaunchScreen.storyboard in Resources */ = {isa = PBXBuildFile; fileRef = 3D221C472C7F1599002EA4CA /* LaunchScreen.storyboard */; };
		3D221C532C7F1D6A002EA4CA /* Assets.xcassets in Resources */ = {isa = PBXBuildFile; fileRef = 3D221C522C7F1D6A002EA4CA /* Assets.xcassets */; };
		3D221C552C7F1E2C002EA4CA /* ConverterViewController.swift in Sources */ = {isa = PBXBuildFile; fileRef = 3D221C542C7F1E2C002EA4CA /* ConverterViewController.swift */; };
		3D221C572C7F1EDD002EA4CA /* HomeViewController.swift in Sources */ = {isa = PBXBuildFile; fileRef = 3D221C562C7F1EDD002EA4CA /* HomeViewController.swift */; };
		3D221C592C7F2150002EA4CA /* MyTableViewCell.swift in Sources */ = {isa = PBXBuildFile; fileRef = 3D221C582C7F2150002EA4CA /* MyTableViewCell.swift */; };
		3DB1B1A22C86F3A3005557C8 /* CurrencyResponse.swift in Sources */ = {isa = PBXBuildFile; fileRef = 3DB1B1A12C86F3A3005557C8 /* CurrencyResponse.swift */; };
/* End PBXBuildFile section */

/* Begin PBXFileReference section */
		3D221C392C7F1598002EA4CA /* kurCepMobil.app */ = {isa = PBXFileReference; explicitFileType = wrapper.application; includeInIndex = 0; path = kurCepMobil.app; sourceTree = BUILT_PRODUCTS_DIR; };
		3D221C3C2C7F1598002EA4CA /* AppDelegate.swift */ = {isa = PBXFileReference; lastKnownFileType = sourcecode.swift; path = AppDelegate.swift; sourceTree = "<group>"; };
		3D221C3E2C7F1598002EA4CA /* SceneDelegate.swift */ = {isa = PBXFileReference; lastKnownFileType = sourcecode.swift; path = SceneDelegate.swift; sourceTree = "<group>"; };
		3D221C402C7F1598002EA4CA /* ViewController.swift */ = {isa = PBXFileReference; lastKnownFileType = sourcecode.swift; path = ViewController.swift; sourceTree = "<group>"; };
		3D221C432C7F1598002EA4CA /* Base */ = {isa = PBXFileReference; lastKnownFileType = file.storyboard; name = Base; path = Base.lproj/Main.storyboard; sourceTree = "<group>"; };
		3D221C482C7F1599002EA4CA /* Base */ = {isa = PBXFileReference; lastKnownFileType = file.storyboard; name = Base; path = Base.lproj/LaunchScreen.storyboard; sourceTree = "<group>"; };
		3D221C4A2C7F1599002EA4CA /* Info.plist */ = {isa = PBXFileReference; lastKnownFileType = text.plist.xml; path = Info.plist; sourceTree = "<group>"; };
		3D221C522C7F1D6A002EA4CA /* Assets.xcassets */ = {isa = PBXFileReference; lastKnownFileType = folder.assetcatalog; name = Assets.xcassets; path = ../../../.Trash/Assets.xcassets; sourceTree = "<group>"; };
		3D221C542C7F1E2C002EA4CA /* ConverterViewController.swift */ = {isa = PBXFileReference; lastKnownFileType = sourcecode.swift; path = ConverterViewController.swift; sourceTree = "<group>"; };
		3D221C562C7F1EDD002EA4CA /* HomeViewController.swift */ = {isa = PBXFileReference; lastKnownFileType = sourcecode.swift; path = HomeViewController.swift; sourceTree = "<group>"; };
		3D221C582C7F2150002EA4CA /* MyTableViewCell.swift */ = {isa = PBXFileReference; lastKnownFileType = sourcecode.swift; path = MyTableViewCell.swift; sourceTree = "<group>"; };
		3DB1B1A12C86F3A3005557C8 /* CurrencyResponse.swift */ = {isa = PBXFileReference; lastKnownFileType = sourcecode.swift; path = CurrencyResponse.swift; sourceTree = "<group>"; };
/* End PBXFileReference section */

/* Begin PBXFrameworksBuildPhase section */
		3D221C362C7F1598002EA4CA /* Frameworks */ = {
			isa = PBXFrameworksBuildPhase;
			buildActionMask = 2147483647;
			files = (
			);
			runOnlyForDeploymentPostprocessing = 0;
		};
/* End PBXFrameworksBuildPhase section */

/* Begin PBXGroup section */
		3D221C302C7F1598002EA4CA = {
			isa = PBXGroup;
			children = (
				3D221C3B2C7F1598002EA4CA /* kurCepMobil */,
				3D221C3A2C7F1598002EA4CA /* Products */,
			);
			sourceTree = "<group>";
		};
		3D221C3A2C7F1598002EA4CA /* Products */ = {
			isa = PBXGroup;
			children = (
				3D221C392C7F1598002EA4CA /* kurCepMobil.app */,
			);
			name = Products;
			sourceTree = "<group>";
		};
		3D221C3B2C7F1598002EA4CA /* kurCepMobil */ = {
			isa = PBXGroup;
			children = (
				3D221C3C2C7F1598002EA4CA /* AppDelegate.swift */,
				3D221C3E2C7F1598002EA4CA /* SceneDelegate.swift */,
				3D221C402C7F1598002EA4CA /* ViewController.swift */,
				3D221C422C7F1598002EA4CA /* Main.storyboard */,
				3D221C582C7F2150002EA4CA /* MyTableViewCell.swift */,
				3D221C542C7F1E2C002EA4CA /* ConverterViewController.swift */,
				3D221C562C7F1EDD002EA4CA /* HomeViewController.swift */,
				3DB1B1A12C86F3A3005557C8 /* CurrencyResponse.swift */,
				3D221C522C7F1D6A002EA4CA /* Assets.xcassets */,
				3D221C472C7F1599002EA4CA /* LaunchScreen.storyboard */,
				3D221C4A2C7F1599002EA4CA /* Info.plist */,
			);
			path = kurCepMobil;
			sourceTree = "<group>";
		};
/* End PBXGroup section */

/* Begin PBXNativeTarget section */
		3D221C382C7F1598002EA4CA /* kurCepMobil */ = {
			isa = PBXNativeTarget;
			buildConfigurationList = 3D221C4D2C7F1599002EA4CA /* Build configuration list for PBXNativeTarget "kurCepMobil" */;
			buildPhases = (
				3D221C352C7F1598002EA4CA /* Sources */,
				3D221C362C7F1598002EA4CA /* Frameworks */,
				3D221C372C7F1598002EA4CA /* Resources */,
			);
			buildRules = (
			);
			dependencies = (
			);
			name = kurCepMobil;
			productName = kurCepMobil;
			productReference = 3D221C392C7F1598002EA4CA /* kurCepMobil.app */;
			productType = "com.apple.product-type.application";
		};
/* End PBXNativeTarget section */

/* Begin PBXProject section */
		3D221C312C7F1598002EA4CA /* Project object */ = {
			isa = PBXProject;
			attributes = {
				BuildIndependentTargetsInParallel = 1;
				LastSwiftUpdateCheck = 1420;
				LastUpgradeCheck = 1420;
				TargetAttributes = {
					3D221C382C7F1598002EA4CA = {
						CreatedOnToolsVersion = 14.2;
					};
				};
			};
			buildConfigurationList = 3D221C342C7F1598002EA4CA /* Build configuration list for PBXProject "kurCepMobil" */;
			compatibilityVersion = "Xcode 14.0";
			developmentRegion = en;
			hasScannedForEncodings = 0;
			knownRegions = (
				en,
				Base,
			);
			mainGroup = 3D221C302C7F1598002EA4CA;
			productRefGroup = 3D221C3A2C7F1598002EA4CA /* Products */;
			projectDirPath = "";
			projectRoot = "";
			targets = (
				3D221C382C7F1598002EA4CA /* kurCepMobil */,
			);
		};
/* End PBXProject section */

/* Begin PBXResourcesBuildPhase section */
		3D221C372C7F1598002EA4CA /* Resources */ = {
			isa = PBXResourcesBuildPhase;
			buildActionMask = 2147483647;
			files = (
				3D221C492C7F1599002EA4CA /* LaunchScreen.storyboard in Resources */,
				3D221C532C7F1D6A002EA4CA /* Assets.xcassets in Resources */,
				3D221C442C7F1598002EA4CA /* Main.storyboard in Resources */,
			);
			runOnlyForDeploymentPostprocessing = 0;
		};
/* End PBXResourcesBuildPhase section */

/* Begin PBXSourcesBuildPhase section */
		3D221C352C7F1598002EA4CA /* Sources */ = {
			isa = PBXSourcesBuildPhase;
			buildActionMask = 2147483647;
			files = (
				3D221C572C7F1EDD002EA4CA /* HomeViewController.swift in Sources */,
				3D221C412C7F1598002EA4CA /* ViewController.swift in Sources */,
				3DB1B1A22C86F3A3005557C8 /* CurrencyResponse.swift in Sources */,
				3D221C3D2C7F1598002EA4CA /* AppDelegate.swift in Sources */,
				3D221C3F2C7F1598002EA4CA /* SceneDelegate.swift in Sources */,
				3D221C552C7F1E2C002EA4CA /* ConverterViewController.swift in Sources */,
				3D221C592C7F2150002EA4CA /* MyTableViewCell.swift in Sources */,
			);
			runOnlyForDeploymentPostprocessing = 0;
		};
/* End PBXSourcesBuildPhase section */

/* Begin PBXVariantGroup section */
		3D221C422C7F1598002EA4CA /* Main.storyboard */ = {
			isa = PBXVariantGroup;
			children = (
				3D221C432C7F1598002EA4CA /* Base */,
			);
			name = Main.storyboard;
			sourceTree = "<group>";
		};
		3D221C472C7F1599002EA4CA /* LaunchScreen.storyboard */ = {
			isa = PBXVariantGroup;
			children = (
				3D221C482C7F1599002EA4CA /* Base */,
			);
			name = LaunchScreen.storyboard;
			sourceTree = "<group>";
		};
/* End PBXVariantGroup section */

/* Begin XCBuildConfiguration section */
		3D221C4B2C7F1599002EA4CA /* Debug */ = {
			isa = XCBuildConfiguration;
			buildSettings = {
				ALWAYS_SEARCH_USER_PATHS = NO;
				CLANG_ANALYZER_NONNULL = YES;
				CLANG_ANALYZER_NUMBER_OBJECT_CONVERSION = YES_AGGRESSIVE;
				CLANG_CXX_LANGUAGE_STANDARD = "gnu++20";
				CLANG_ENABLE_MODULES = YES;
				CLANG_ENABLE_OBJC_ARC = YES;
				CLANG_ENABLE_OBJC_WEAK = YES;
				CLANG_WARN_BLOCK_CAPTURE_AUTORELEASING = YES;
				CLANG_WARN_BOOL_CONVERSION = YES;
				CLANG_WARN_COMMA = YES;
				CLANG_WARN_CONSTANT_CONVERSION = YES;
				CLANG_WARN_DEPRECATED_OBJC_IMPLEMENTATIONS = YES;
				CLANG_WARN_DIRECT_OBJC_ISA_USAGE = YES_ERROR;
				CLANG_WARN_DOCUMENTATION_COMMENTS = YES;
				CLANG_WARN_EMPTY_BODY = YES;
				CLANG_WARN_ENUM_CONVERSION = YES;
				CLANG_WARN_INFINITE_RECURSION = YES;
				CLANG_WARN_INT_CONVERSION = YES;
				CLANG_WARN_NON_LITERAL_NULL_CONVERSION = YES;
				CLANG_WARN_OBJC_IMPLICIT_RETAIN_SELF = YES;
				CLANG_WARN_OBJC_LITERAL_CONVERSION = YES;
				CLANG_WARN_OBJC_ROOT_CLASS = YES_ERROR;
				CLANG_WARN_QUOTED_INCLUDE_IN_FRAMEWORK_HEADER = YES;
				CLANG_WARN_RANGE_LOOP_ANALYSIS = YES;
				CLANG_WARN_STRICT_PROTOTYPES = YES;
				CLANG_WARN_SUSPICIOUS_MOVE = YES;
				CLANG_WARN_UNGUARDED_AVAILABILITY = YES_AGGRESSIVE;
				CLANG_WARN_UNREACHABLE_CODE = YES;
				CLANG_WARN__DUPLICATE_METHOD_MATCH = YES;
				COPY_PHASE_STRIP = NO;
				DEBUG_INFORMATION_FORMAT = dwarf;
				ENABLE_STRICT_OBJC_MSGSEND = YES;
				ENABLE_TESTABILITY = YES;
				GCC_C_LANGUAGE_STANDARD = gnu11;
				GCC_DYNAMIC_NO_PIC = NO;
				GCC_NO_COMMON_BLOCKS = YES;
				GCC_OPTIMIZATION_LEVEL = 0;
				GCC_PREPROCESSOR_DEFINITIONS = (
					"DEBUG=1",
					"$(inherited)",
				);
				GCC_WARN_64_TO_32_BIT_CONVERSION = YES;
				GCC_WARN_ABOUT_RETURN_TYPE = YES_ERROR;
				GCC_WARN_UNDECLARED_SELECTOR = YES;
				GCC_WARN_UNINITIALIZED_AUTOS = YES_AGGRESSIVE;
				GCC_WARN_UNUSED_FUNCTION = YES;
				GCC_WARN_UNUSED_VARIABLE = YES;
				IPHONEOS_DEPLOYMENT_TARGET = 16.2;
				MTL_ENABLE_DEBUG_INFO = INCLUDE_SOURCE;
				MTL_FAST_MATH = YES;
				ONLY_ACTIVE_ARCH = YES;
				SDKROOT = iphoneos;
				SWIFT_ACTIVE_COMPILATION_CONDITIONS = DEBUG;
				SWIFT_OPTIMIZATION_LEVEL = "-Onone";
			};
			name = Debug;
		};
		3D221C4C2C7F1599002EA4CA /* Release */ = {
			isa = XCBuildConfiguration;
			buildSettings = {
				ALWAYS_SEARCH_USER_PATHS = NO;
				CLANG_ANALYZER_NONNULL = YES;
				CLANG_ANALYZER_NUMBER_OBJECT_CONVERSION = YES_AGGRESSIVE;
				CLANG_CXX_LANGUAGE_STANDARD = "gnu++20";
				CLANG_ENABLE_MODULES = YES;
				CLANG_ENABLE_OBJC_ARC = YES;
				CLANG_ENABLE_OBJC_WEAK = YES;
				CLANG_WARN_BLOCK_CAPTURE_AUTORELEASING = YES;
				CLANG_WARN_BOOL_CONVERSION = YES;
				CLANG_WARN_COMMA = YES;
				CLANG_WARN_CONSTANT_CONVERSION = YES;
				CLANG_WARN_DEPRECATED_OBJC_IMPLEMENTATIONS = YES;
				CLANG_WARN_DIRECT_OBJC_ISA_USAGE = YES_ERROR;
				CLANG_WARN_DOCUMENTATION_COMMENTS = YES;
				CLANG_WARN_EMPTY_BODY = YES;
				CLANG_WARN_ENUM_CONVERSION = YES;
				CLANG_WARN_INFINITE_RECURSION = YES;
				CLANG_WARN_INT_CONVERSION = YES;
				CLANG_WARN_NON_LITERAL_NULL_CONVERSION = YES;
				CLANG_WARN_OBJC_IMPLICIT_RETAIN_SELF = YES;
				CLANG_WARN_OBJC_LITERAL_CONVERSION = YES;
				CLANG_WARN_OBJC_ROOT_CLASS = YES_ERROR;
				CLANG_WARN_QUOTED_INCLUDE_IN_FRAMEWORK_HEADER = YES;
				CLANG_WARN_RANGE_LOOP_ANALYSIS = YES;
				CLANG_WARN_STRICT_PROTOTYPES = YES;
				CLANG_WARN_SUSPICIOUS_MOVE = YES;
				CLANG_WARN_UNGUARDED_AVAILABILITY = YES_AGGRESSIVE;
				CLANG_WARN_UNREACHABLE_CODE = YES;
				CLANG_WARN__DUPLICATE_METHOD_MATCH = YES;
				COPY_PHASE_STRIP = NO;
				DEBUG_INFORMATION_FORMAT = "dwarf-with-dsym";
				ENABLE_NS_ASSERTIONS = NO;
				ENABLE_STRICT_OBJC_MSGSEND = YES;
				GCC_C_LANGUAGE_STANDARD = gnu11;
				GCC_NO_COMMON_BLOCKS = YES;
				GCC_WARN_64_TO_32_BIT_CONVERSION = YES;
				GCC_WARN_ABOUT_RETURN_TYPE = YES_ERROR;
				GCC_WARN_UNDECLARED_SELECTOR = YES;
				GCC_WARN_UNINITIALIZED_AUTOS = YES_AGGRESSIVE;
				GCC_WARN_UNUSED_FUNCTION = YES;
				GCC_WARN_UNUSED_VARIABLE = YES;
				IPHONEOS_DEPLOYMENT_TARGET = 16.2;
				MTL_ENABLE_DEBUG_INFO = NO;
				MTL_FAST_MATH = YES;
				SDKROOT = iphoneos;
				SWIFT_COMPILATION_MODE = wholemodule;
				SWIFT_OPTIMIZATION_LEVEL = "-O";
				VALIDATE_PRODUCT = YES;
			};
			name = Release;
		};
		3D221C4E2C7F1599002EA4CA /* Debug */ = {
			isa = XCBuildConfiguration;
			buildSettings = {
				ASSETCATALOG_COMPILER_APPICON_NAME = AppIcon;
				ASSETCATALOG_COMPILER_GLOBAL_ACCENT_COLOR_NAME = AccentColor;
				CODE_SIGN_STYLE = Automatic;
				CURRENT_PROJECT_VERSION = 1;
				GENERATE_INFOPLIST_FILE = YES;
				INFOPLIST_FILE = kurCepMobil/Info.plist;
				INFOPLIST_KEY_UIApplicationSupportsIndirectInputEvents = YES;
				INFOPLIST_KEY_UILaunchStoryboardName = LaunchScreen;
				INFOPLIST_KEY_UIMainStoryboardFile = Main;
				INFOPLIST_KEY_UISupportedInterfaceOrientations_iPad = "UIInterfaceOrientationPortrait UIInterfaceOrientationPortraitUpsideDown UIInterfaceOrientationLandscapeLeft UIInterfaceOrientationLandscapeRight";
				INFOPLIST_KEY_UISupportedInterfaceOrientations_iPhone = "UIInterfaceOrientationPortrait UIInterfaceOrientationLandscapeLeft UIInterfaceOrientationLandscapeRight";
				LD_RUNPATH_SEARCH_PATHS = (
					"$(inherited)",
					"@executable_path/Frameworks",
				);
				MARKETING_VERSION = 1.0;
				PRODUCT_BUNDLE_IDENTIFIER = com.ktp.swiftClass.kurCepMobil;
				PRODUCT_NAME = "$(TARGET_NAME)";
				SWIFT_EMIT_LOC_STRINGS = YES;
				SWIFT_VERSION = 5.0;
				TARGETED_DEVICE_FAMILY = "1,2";
			};
			name = Debug;
		};
		3D221C4F2C7F1599002EA4CA /* Release */ = {
			isa = XCBuildConfiguration;
			buildSettings = {
				ASSETCATALOG_COMPILER_APPICON_NAME = AppIcon;
				ASSETCATALOG_COMPILER_GLOBAL_ACCENT_COLOR_NAME = AccentColor;
				CODE_SIGN_STYLE = Automatic;
				CURRENT_PROJECT_VERSION = 1;
				GENERATE_INFOPLIST_FILE = YES;
				INFOPLIST_FILE = kurCepMobil/Info.plist;
				INFOPLIST_KEY_UIApplicationSupportsIndirectInputEvents = YES;
				INFOPLIST_KEY_UILaunchStoryboardName = LaunchScreen;
				INFOPLIST_KEY_UIMainStoryboardFile = Main;
				INFOPLIST_KEY_UISupportedInterfaceOrientations_iPad = "UIInterfaceOrientationPortrait UIInterfaceOrientationPortraitUpsideDown UIInterfaceOrientationLandscapeLeft UIInterfaceOrientationLandscapeRight";
				INFOPLIST_KEY_UISupportedInterfaceOrientations_iPhone = "UIInterfaceOrientationPortrait UIInterfaceOrientationLandscapeLeft UIInterfaceOrientationLandscapeRight";
				LD_RUNPATH_SEARCH_PATHS = (
					"$(inherited)",
					"@executable_path/Frameworks",
				);
				MARKETING_VERSION = 1.0;
				PRODUCT_BUNDLE_IDENTIFIER = com.ktp.swiftClass.kurCepMobil;
				PRODUCT_NAME = "$(TARGET_NAME)";
				SWIFT_EMIT_LOC_STRINGS = YES;
				SWIFT_VERSION = 5.0;
				TARGETED_DEVICE_FAMILY = "1,2";
			};
			name = Release;
		};
/* End XCBuildConfiguration section */

/* Begin XCConfigurationList section */
		3D221C342C7F1598002EA4CA /* Build configuration list for PBXProject "kurCepMobil" */ = {
			isa = XCConfigurationList;
			buildConfigurations = (
				3D221C4B2C7F1599002EA4CA /* Debug */,
				3D221C4C2C7F1599002EA4CA /* Release */,
			);
			defaultConfigurationIsVisible = 0;
			defaultConfigurationName = Release;
		};
		3D221C4D2C7F1599002EA4CA /* Build configuration list for PBXNativeTarget "kurCepMobil" */ = {
			isa = XCConfigurationList;
			buildConfigurations = (
				3D221C4E2C7F1599002EA4CA /* Debug */,
				3D221C4F2C7F1599002EA4CA /* Release */,
			);
			defaultConfigurationIsVisible = 0;
			defaultConfigurationName = Release;
		};
/* End XCConfigurationList section */
	};
	rootObject = 3D221C312C7F1598002EA4CA /* Project object */;
}
